
Microsoft Visual Studio Solution File, Format Version 12.00
# Visual Studio Version 17
VisualStudioVersion = 17.3.32901.215
MinimumVisualStudioVersion = 10.0.40219.1
Project("{FAE04EC0-301F-11D3-BF4B-00C04F79EFBC}") = "FinalLab1", "FinalLab1\FinalLab1.csproj", "{AF65677C-6F92-4AC4-8B69-B5535602D00C}"
EndProject
Project("{FAE04EC0-301F-11D3-BF4B-00C04F79EFBC}") = "BLL", "BLL\BLL.csproj", "{061EDCFE-C63D-4274-A463-9A2A7F9F71A9}"
EndProject
Project("{FAE04EC0-301F-11D3-BF4B-00C04F79EFBC}") = "DAL", "DAL\DAL.csproj", "{822B5211-5CCD-4318-81B7-1A6BBF04FE05}"
EndProject
Global
	GlobalSection(SolutionConfigurationPlatforms) = preSolution
		Debug|Any CPU = Debug|Any CPU
		Release|Any CPU = Release|Any CPU
	EndGlobalSection
	GlobalSection(ProjectConfigurationPlatforms) = postSolution
		{AF65677C-6F92-4AC4-8B69-B5535602D00C}.Debug|Any CPU.ActiveCfg = Debug|Any CPU
		{AF65677C-6F92-4AC4-8B69-B5535602D00C}.Debug|Any CPU.Build.0 = Debug|Any CPU
		{AF65677C-6F92-4AC4-8B69-B5535602D00C}.Release|Any CPU.ActiveCfg = Release|Any CPU
		{AF65677C-6F92-4AC4-8B69-B5535602D00C}.Release|Any CPU.Build.0 = Release|Any CPU
		{061EDCFE-C63D-4274-A463-9A2A7F9F71A9}.Debug|Any CPU.ActiveCfg = Debug|Any CPU
		{061EDCFE-C63D-4274-A463-9A2A7F9F71A9}.Debug|Any CPU.Build.0 = Debug|Any CPU
		{061EDCFE-C63D-4274-A463-9A2A7F9F71A9}.Release|Any CPU.ActiveCfg = Release|Any CPU
		{061EDCFE-C63D-4274-A463-9A2A7F9F71A9}.Release|Any CPU.Build.0 = Release|Any CPU
		{822B5211-5CCD-4318-81B7-1A6BBF04FE05}.Debug|Any CPU.ActiveCfg = Debug|Any CPU
		{822B5211-5CCD-4318-81B7-1A6BBF04FE05}.Debug|Any CPU.Build.0 = Debug|Any CPU
		{822B5211-5CCD-4318-81B7-1A6BBF04FE05}.Release|Any CPU.ActiveCfg = Release|Any CPU
		{822B5211-5CCD-4318-81B7-1A6BBF04FE05}.Release|Any CPU.Build.0 = Release|Any CPU
	EndGlobalSection
	GlobalSection(SolutionProperties) = preSolution
		HideSolutionNode = FALSE
	EndGlobalSection
	GlobalSection(ExtensibilityGlobals) = postSolution
		SolutionGuid = {1E2D86FE-8BB2-4E3D-B4D0-585CD0E7F594}
	EndGlobalSection
EndGlobal
